<?xml version="1.0" encoding="utf-8"?>
<Project ToolsVersion="4.0" xmlns="http://schemas.microsoft.com/developer/msbuild/2003">
  <ItemGroup>
    <ClCompile Include="main.cpp" />
    <ClCompile Include="Ui\DmsMainWin.cpp">
      <Filter>Ui</Filter>
    </ClCompile>
    <ClCompile Include="Model\DMSDbSession.cpp">
      <Filter>Model</Filter>
    </ClCompile>
    <ClCompile Include="Model\DMSTableContnrBase.cpp">
      <Filter>Model</Filter>
    </ClCompile>
    <ClCompile Include="Model\IDMSTableBase.cpp">
      <Filter>Model</Filter>
    </ClCompile>
    <ClCompile Include="Model\DMSTables.cpp">
      <Filter>Model</Filter>
    </ClCompile>
    <ClCompile Include="GeneratedFiles\qrc_dms.cpp">
      <Filter>Generated Files</Filter>
    </ClCompile>
    <ClCompile Include="Ui\DmsProjectDlg.cpp">
      <Filter>Ui</Filter>
    </ClCompile>
    <ClCompile Include="GeneratedFiles\Debug\moc_DmsProjectDlg.cpp">
      <Filter>Generated Files\Debug</Filter>
    </ClCompile>
    <ClCompile Include="GeneratedFiles\Release\moc_DmsProjectDlg.cpp">
      <Filter>Generated Files\Release</Filter>
    </ClCompile>
  </ItemGroup>
  <ItemGroup>
    <ClInclude Include="stdafx.h" />
    <ClInclude Include="Ui\DmsMainWin.h">
      <Filter>Ui</Filter>
    </ClInclude>
    <ClInclude Include="GeneratedFiles\ui_DmsMainWin.h">
      <Filter>Generated Files</Filter>
    </ClInclude>
    <ClInclude Include="Model\DMSDbSession.h">
      <Filter>Model</Filter>
    </ClInclude>
    <ClInclude Include="Model\DMSTableContnrBase.h">
      <Filter>Model</Filter>
    </ClInclude>
    <ClInclude Include="Model\IDMSTableBase.h">
      <Filter>Model</Filter>
    </ClInclude>
    <ClInclude Include="Model\DMSTables.h">
      <Filter>Model</Filter>
    </ClInclude>
    <ClInclude Include="GeneratedFiles\ui_DmsProjectDlg.h">
      <Filter>Generated Files</Filter>
    </ClInclude>
  </ItemGroup>
  <ItemGroup>
    <Filter Include="Ui">
      <UniqueIdentifier>{f8f955d6-701d-4389-b3bc-2643d38a6a5a}</UniqueIdentifier>
    </Filter>
    <Filter Include="Business">
      <UniqueIdentifier>{5898f414-8d96-4e67-80bd-27bf26e57576}</UniqueIdentifier>
    </Filter>
    <Filter Include="Util">
      <UniqueIdentifier>{e3c798ce-679a-4de8-8806-e06afe770d9c}</UniqueIdentifier>
    </Filter>
    <Filter Include="Generated Files">
      <UniqueIdentifier>{71ED8ED8-ACB9-4CE9-BBE1-E00B30144E11}</UniqueIdentifier>
      <Extensions>moc;h;cpp</Extensions>
      <ParseFiles>true</ParseFiles>
    </Filter>
    <Filter Include="Model">
      <UniqueIdentifier>{99795fab-b219-44a3-a618-03da5ce0ae51}</UniqueIdentifier>
    </Filter>
    <Filter Include="Generated Files\Debug">
      <UniqueIdentifier>{cd05f8b8-1635-4673-947a-f35327e849fc}</UniqueIdentifier>
      <Extensions>cpp;moc</Extensions>
      <SourceControlFiles>False</SourceControlFiles>
    </Filter>
    <Filter Include="Generated Files\Release">
      <UniqueIdentifier>{49fccf20-e9f1-45a9-b515-3e62a7801f3d}</UniqueIdentifier>
      <Extensions>cpp;moc</Extensions>
      <SourceControlFiles>False</SourceControlFiles>
    </Filter>
  </ItemGroup>
  <ItemGroup>
    <CustomBuild Include="Ui\DmsMainWin.ui">
      <Filter>Ui</Filter>
    </CustomBuild>
    <CustomBuild Include="Ui\DmsProjectDlg.ui">
      <Filter>Ui</Filter>
    </CustomBuild>
    <CustomBuild Include="dms.qrc" />
    <CustomBuild Include="Ui\DmsProjectDlg.h">
      <Filter>Ui</Filter>
    </CustomBuild>
  </ItemGroup>
</Project>